// !$*UTF8*$!
{
	archiveVersion = 1;
	classes = {
	};
	objectVersion = 56;
	objects = {

/* Begin PBXBuildFile section */
		7AD0982E2C0640C900DF2A25 /* WorkDetailedView.swift in Sources */ = {isa = PBXBuildFile; fileRef = 7AD0982D2C0640C900DF2A25 /* WorkDetailedView.swift */; };
		7ADC76422C0CB02500BAFB21 /* Readme.md in Resources */ = {isa = PBXBuildFile; fileRef = 7ADC76412C0CB02500BAFB21 /* Readme.md */; };
		7AFF8C162C044C82009D9326 /* ArtMasterpiecesApp.swift in Sources */ = {isa = PBXBuildFile; fileRef = 7AFF8C152C044C82009D9326 /* ArtMasterpiecesApp.swift */; };
		7AFF8C182C044C82009D9326 /* ContentView.swift in Sources */ = {isa = PBXBuildFile; fileRef = 7AFF8C172C044C82009D9326 /* ContentView.swift */; };
		7AFF8C1A2C044C83009D9326 /* Assets.xcassets in Resources */ = {isa = PBXBuildFile; fileRef = 7AFF8C192C044C83009D9326 /* Assets.xcassets */; };
		7AFF8C1D2C044C83009D9326 /* Preview Assets.xcassets in Resources */ = {isa = PBXBuildFile; fileRef = 7AFF8C1C2C044C83009D9326 /* Preview Assets.xcassets */; };
		7AFF8C252C044D6B009D9326 /* Artist.swift in Sources */ = {isa = PBXBuildFile; fileRef = 7AFF8C242C044D6B009D9326 /* Artist.swift */; };
		7AFF8C282C0461EB009D9326 /* NetworkProvider.swift in Sources */ = {isa = PBXBuildFile; fileRef = 7AFF8C272C0461EB009D9326 /* NetworkProvider.swift */; };
		7AFF8C2A2C046C7A009D9326 /* ViewModel.swift in Sources */ = {isa = PBXBuildFile; fileRef = 7AFF8C292C046C7A009D9326 /* ViewModel.swift */; };
		7AFF8C2E2C04A85F009D9326 /* WorksView.swift in Sources */ = {isa = PBXBuildFile; fileRef = 7AFF8C2D2C04A85F009D9326 /* WorksView.swift */; };
		7AFF8C302C04A8A5009D9326 /* ArtistDetailedView.swift in Sources */ = {isa = PBXBuildFile; fileRef = 7AFF8C2F2C04A8A5009D9326 /* ArtistDetailedView.swift */; };
/* End PBXBuildFile section */

/* Begin PBXFileReference section */
		7AD0982D2C0640C900DF2A25 /* WorkDetailedView.swift */ = {isa = PBXFileReference; lastKnownFileType = sourcecode.swift; path = WorkDetailedView.swift; sourceTree = "<group>"; };
		7ADC76412C0CB02500BAFB21 /* Readme.md */ = {isa = PBXFileReference; lastKnownFileType = net.daringfireball.markdown; path = Readme.md; sourceTree = "<group>"; };
		7AFF8C122C044C82009D9326 /* ArtMasterpieces.app */ = {isa = PBXFileReference; explicitFileType = wrapper.application; includeInIndex = 0; path = ArtMasterpieces.app; sourceTree = BUILT_PRODUCTS_DIR; };
		7AFF8C152C044C82009D9326 /* ArtMasterpiecesApp.swift */ = {isa = PBXFileReference; lastKnownFileType = sourcecode.swift; path = ArtMasterpiecesApp.swift; sourceTree = "<group>"; };
		7AFF8C172C044C82009D9326 /* ContentView.swift */ = {isa = PBXFileReference; lastKnownFileType = sourcecode.swift; path = ContentView.swift; sourceTree = "<group>"; };
		7AFF8C192C044C83009D9326 /* Assets.xcassets */ = {isa = PBXFileReference; lastKnownFileType = folder.assetcatalog; path = Assets.xcassets; sourceTree = "<group>"; };
		7AFF8C1C2C044C83009D9326 /* Preview Assets.xcassets */ = {isa = PBXFileReference; lastKnownFileType = folder.assetcatalog; path = "Preview Assets.xcassets"; sourceTree = "<group>"; };
		7AFF8C242C044D6B009D9326 /* Artist.swift */ = {isa = PBXFileReference; lastKnownFileType = sourcecode.swift; path = Artist.swift; sourceTree = "<group>"; };
		7AFF8C272C0461EB009D9326 /* NetworkProvider.swift */ = {isa = PBXFileReference; lastKnownFileType = sourcecode.swift; path = NetworkProvider.swift; sourceTree = "<group>"; };
		7AFF8C292C046C7A009D9326 /* ViewModel.swift */ = {isa = PBXFileReference; lastKnownFileType = sourcecode.swift; path = ViewModel.swift; sourceTree = "<group>"; };
		7AFF8C2D2C04A85F009D9326 /* WorksView.swift */ = {isa = PBXFileReference; lastKnownFileType = sourcecode.swift; path = WorksView.swift; sourceTree = "<group>"; };
		7AFF8C2F2C04A8A5009D9326 /* ArtistDetailedView.swift */ = {isa = PBXFileReference; lastKnownFileType = sourcecode.swift; path = ArtistDetailedView.swift; sourceTree = "<group>"; };
/* End PBXFileReference section */

/* Begin PBXFrameworksBuildPhase section */
		7AFF8C0F2C044C82009D9326 /* Frameworks */ = {
			isa = PBXFrameworksBuildPhase;
			buildActionMask = 2147483647;
			files = (
			);
			runOnlyForDeploymentPostprocessing = 0;
		};
/* End PBXFrameworksBuildPhase section */

/* Begin PBXGroup section */
		7AFF8C092C044C82009D9326 = {
			isa = PBXGroup;
			children = (
				7ADC76412C0CB02500BAFB21 /* Readme.md */,
				7AFF8C142C044C82009D9326 /* ArtMasterpieces */,
				7AFF8C132C044C82009D9326 /* Products */,
			);
			sourceTree = "<group>";
		};
		7AFF8C132C044C82009D9326 /* Products */ = {
			isa = PBXGroup;
			children = (
				7AFF8C122C044C82009D9326 /* ArtMasterpieces.app */,
			);
			name = Products;
			sourceTree = "<group>";
		};
		7AFF8C142C044C82009D9326 /* ArtMasterpieces */ = {
			isa = PBXGroup;
			children = (
				7AFF8C152C044C82009D9326 /* ArtMasterpiecesApp.swift */,
				7AFF8C2B2C04A7ED009D9326 /* Views */,
				7AFF8C262C0461BE009D9326 /* Network */,
				7AFF8C232C044D37009D9326 /* Model */,
				7AFF8C192C044C83009D9326 /* Assets.xcassets */,
				7AFF8C1B2C044C83009D9326 /* Preview Content */,
			);
			path = ArtMasterpieces;
			sourceTree = "<group>";
		};
		7AFF8C1B2C044C83009D9326 /* Preview Content */ = {
			isa = PBXGroup;
			children = (
				7AFF8C1C2C044C83009D9326 /* Preview Assets.xcassets */,
			);
			path = "Preview Content";
			sourceTree = "<group>";
		};
		7AFF8C232C044D37009D9326 /* Model */ = {
			isa = PBXGroup;
			children = (
				7AFF8C242C044D6B009D9326 /* Artist.swift */,
				7AFF8C292C046C7A009D9326 /* ViewModel.swift */,
			);
			path = Model;
			sourceTree = "<group>";
		};
		7AFF8C262C0461BE009D9326 /* Network */ = {
			isa = PBXGroup;
			children = (
				7AFF8C272C0461EB009D9326 /* NetworkProvider.swift */,
			);
			path = Network;
			sourceTree = "<group>";
		};
		7AFF8C2B2C04A7ED009D9326 /* Views */ = {
			isa = PBXGroup;
			children = (
				7AFF8C172C044C82009D9326 /* ContentView.swift */,
				7AFF8C2C2C04A80D009D9326 /* Artists */,
			);
			path = Views;
			sourceTree = "<group>";
		};
		7AFF8C2C2C04A80D009D9326 /* Artists */ = {
			isa = PBXGroup;
			children = (
				7AFF8C2F2C04A8A5009D9326 /* ArtistDetailedView.swift */,
				7AFF8C2D2C04A85F009D9326 /* WorksView.swift */,
				7AD0982D2C0640C900DF2A25 /* WorkDetailedView.swift */,
			);
			path = Artists;
			sourceTree = "<group>";
		};
/* End PBXGroup section */

/* Begin PBXNativeTarget section */
		7AFF8C112C044C82009D9326 /* ArtMasterpieces */ = {
			isa = PBXNativeTarget;
			buildConfigurationList = 7AFF8C202C044C83009D9326 /* Build configuration list for PBXNativeTarget "ArtMasterpieces" */;
			buildPhases = (
				7AFF8C0E2C044C82009D9326 /* Sources */,
				7AFF8C0F2C044C82009D9326 /* Frameworks */,
				7AFF8C102C044C82009D9326 /* Resources */,
			);
			buildRules = (
			);
			dependencies = (
			);
			name = ArtMasterpieces;
			productName = ArtMasterpieces;
			productReference = 7AFF8C122C044C82009D9326 /* ArtMasterpieces.app */;
			productType = "com.apple.product-type.application";
		};
/* End PBXNativeTarget section */

/* Begin PBXProject section */
		7AFF8C0A2C044C82009D9326 /* Project object */ = {
			isa = PBXProject;
			attributes = {
				BuildIndependentTargetsInParallel = 1;
				LastSwiftUpdateCheck = 1530;
				LastUpgradeCheck = 1530;
				TargetAttributes = {
					7AFF8C112C044C82009D9326 = {
						CreatedOnToolsVersion = 15.3;
					};
				};
			};
			buildConfigurationList = 7AFF8C0D2C044C82009D9326 /* Build configuration list for PBXProject "ArtMasterpieces" */;
			compatibilityVersion = "Xcode 14.0";
			developmentRegion = en;
			hasScannedForEncodings = 0;
			knownRegions = (
				en,
				Base,
			);
			mainGroup = 7AFF8C092C044C82009D9326;
			productRefGroup = 7AFF8C132C044C82009D9326 /* Products */;
			projectDirPath = "";
			projectRoot = "";
			targets = (
				7AFF8C112C044C82009D9326 /* ArtMasterpieces */,
			);
		};
/* End PBXProject section */

/* Begin PBXResourcesBuildPhase section */
		7AFF8C102C044C82009D9326 /* Resources */ = {
			isa = PBXResourcesBuildPhase;
			buildActionMask = 2147483647;
			files = (
				7AFF8C1D2C044C83009D9326 /* Preview Assets.xcassets in Resources */,
				7AFF8C1A2C044C83009D9326 /* Assets.xcassets in Resources */,
				7ADC76422C0CB02500BAFB21 /* Readme.md in Resources */,
			);
			runOnlyForDeploymentPostprocessing = 0;
		};
/* End PBXResourcesBuildPhase section */

/* Begin PBXSourcesBuildPhase section */
		7AFF8C0E2C044C82009D9326 /* Sources */ = {
			isa = PBXSourcesBuildPhase;
			buildActionMask = 2147483647;
			files = (
				7AFF8C2A2C046C7A009D9326 /* ViewModel.swift in Sources */,
				7AFF8C302C04A8A5009D9326 /* ArtistDetailedView.swift in Sources */,
				7AFF8C252C044D6B009D9326 /* Artist.swift in Sources */,
				7AD0982E2C0640C900DF2A25 /* WorkDetailedView.swift in Sources */,
				7AFF8C282C0461EB009D9326 /* NetworkProvider.swift in Sources */,
				7AFF8C2E2C04A85F009D9326 /* WorksView.swift in Sources */,
				7AFF8C182C044C82009D9326 /* ContentView.swift in Sources */,
				7AFF8C162C044C82009D9326 /* ArtMasterpiecesApp.swift in Sources */,
			);
			runOnlyForDeploymentPostprocessing = 0;
		};
/* End PBXSourcesBuildPhase section */

/* Begin XCBuildConfiguration section */
		7AFF8C1E2C044C83009D9326 /* Debug */ = {
			isa = XCBuildConfiguration;
			buildSettings = {
				ALWAYS_SEARCH_USER_PATHS = NO;
				ASSETCATALOG_COMPILER_GENERATE_SWIFT_ASSET_SYMBOL_EXTENSIONS = YES;
				CLANG_ANALYZER_NONNULL = YES;
				CLANG_ANALYZER_NUMBER_OBJECT_CONVERSION = YES_AGGRESSIVE;
				CLANG_CXX_LANGUAGE_STANDARD = "gnu++20";
				CLANG_ENABLE_MODULES = YES;
				CLANG_ENABLE_OBJC_ARC = YES;
				CLANG_ENABLE_OBJC_WEAK = YES;
				CLANG_WARN_BLOCK_CAPTURE_AUTORELEASING = YES;
				CLANG_WARN_BOOL_CONVERSION = YES;
				CLANG_WARN_COMMA = YES;
				CLANG_WARN_CONSTANT_CONVERSION = YES;
				CLANG_WARN_DEPRECATED_OBJC_IMPLEMENTATIONS = YES;
				CLANG_WARN_DIRECT_OBJC_ISA_USAGE = YES_ERROR;
				CLANG_WARN_DOCUMENTATION_COMMENTS = YES;
				CLANG_WARN_EMPTY_BODY = YES;
				CLANG_WARN_ENUM_CONVERSION = YES;
				CLANG_WARN_INFINITE_RECURSION = YES;
				CLANG_WARN_INT_CONVERSION = YES;
				CLANG_WARN_NON_LITERAL_NULL_CONVERSION = YES;
				CLANG_WARN_OBJC_IMPLICIT_RETAIN_SELF = YES;
				CLANG_WARN_OBJC_LITERAL_CONVERSION = YES;
				CLANG_WARN_OBJC_ROOT_CLASS = YES_ERROR;
				CLANG_WARN_QUOTED_INCLUDE_IN_FRAMEWORK_HEADER = YES;
				CLANG_WARN_RANGE_LOOP_ANALYSIS = YES;
				CLANG_WARN_STRICT_PROTOTYPES = YES;
				CLANG_WARN_SUSPICIOUS_MOVE = YES;
				CLANG_WARN_UNGUARDED_AVAILABILITY = YES_AGGRESSIVE;
				CLANG_WARN_UNREACHABLE_CODE = YES;
				CLANG_WARN__DUPLICATE_METHOD_MATCH = YES;
				COPY_PHASE_STRIP = NO;
				DEBUG_INFORMATION_FORMAT = dwarf;
				ENABLE_STRICT_OBJC_MSGSEND = YES;
				ENABLE_TESTABILITY = YES;
				ENABLE_USER_SCRIPT_SANDBOXING = YES;
				GCC_C_LANGUAGE_STANDARD = gnu17;
				GCC_DYNAMIC_NO_PIC = NO;
				GCC_NO_COMMON_BLOCKS = YES;
				GCC_OPTIMIZATION_LEVEL = 0;
				GCC_PREPROCESSOR_DEFINITIONS = (
					"DEBUG=1",
					"$(inherited)",
				);
				GCC_WARN_64_TO_32_BIT_CONVERSION = YES;
				GCC_WARN_ABOUT_RETURN_TYPE = YES_ERROR;
				GCC_WARN_UNDECLARED_SELECTOR = YES;
				GCC_WARN_UNINITIALIZED_AUTOS = YES_AGGRESSIVE;
				GCC_WARN_UNUSED_FUNCTION = YES;
				GCC_WARN_UNUSED_VARIABLE = YES;
				IPHONEOS_DEPLOYMENT_TARGET = 17.4;
				LOCALIZATION_PREFERS_STRING_CATALOGS = YES;
				MTL_ENABLE_DEBUG_INFO = INCLUDE_SOURCE;
				MTL_FAST_MATH = YES;
				ONLY_ACTIVE_ARCH = YES;
				SDKROOT = iphoneos;
				SWIFT_ACTIVE_COMPILATION_CONDITIONS = "DEBUG $(inherited)";
				SWIFT_OPTIMIZATION_LEVEL = "-Onone";
			};
			name = Debug;
		};
		7AFF8C1F2C044C83009D9326 /* Release */ = {
			isa = XCBuildConfiguration;
			buildSettings = {
				ALWAYS_SEARCH_USER_PATHS = NO;
				ASSETCATALOG_COMPILER_GENERATE_SWIFT_ASSET_SYMBOL_EXTENSIONS = YES;
				CLANG_ANALYZER_NONNULL = YES;
				CLANG_ANALYZER_NUMBER_OBJECT_CONVERSION = YES_AGGRESSIVE;
				CLANG_CXX_LANGUAGE_STANDARD = "gnu++20";
				CLANG_ENABLE_MODULES = YES;
				CLANG_ENABLE_OBJC_ARC = YES;
				CLANG_ENABLE_OBJC_WEAK = YES;
				CLANG_WARN_BLOCK_CAPTURE_AUTORELEASING = YES;
				CLANG_WARN_BOOL_CONVERSION = YES;
				CLANG_WARN_COMMA = YES;
				CLANG_WARN_CONSTANT_CONVERSION = YES;
				CLANG_WARN_DEPRECATED_OBJC_IMPLEMENTATIONS = YES;
				CLANG_WARN_DIRECT_OBJC_ISA_USAGE = YES_ERROR;
				CLANG_WARN_DOCUMENTATION_COMMENTS = YES;
				CLANG_WARN_EMPTY_BODY = YES;
				CLANG_WARN_ENUM_CONVERSION = YES;
				CLANG_WARN_INFINITE_RECURSION = YES;
				CLANG_WARN_INT_CONVERSION = YES;
				CLANG_WARN_NON_LITERAL_NULL_CONVERSION = YES;
				CLANG_WARN_OBJC_IMPLICIT_RETAIN_SELF = YES;
				CLANG_WARN_OBJC_LITERAL_CONVERSION = YES;
				CLANG_WARN_OBJC_ROOT_CLASS = YES_ERROR;
				CLANG_WARN_QUOTED_INCLUDE_IN_FRAMEWORK_HEADER = YES;
				CLANG_WARN_RANGE_LOOP_ANALYSIS = YES;
				CLANG_WARN_STRICT_PROTOTYPES = YES;
				CLANG_WARN_SUSPICIOUS_MOVE = YES;
				CLANG_WARN_UNGUARDED_AVAILABILITY = YES_AGGRESSIVE;
				CLANG_WARN_UNREACHABLE_CODE = YES;
				CLANG_WARN__DUPLICATE_METHOD_MATCH = YES;
				COPY_PHASE_STRIP = NO;
				DEBUG_INFORMATION_FORMAT = "dwarf-with-dsym";
				ENABLE_NS_ASSERTIONS = NO;
				ENABLE_STRICT_OBJC_MSGSEND = YES;
				ENABLE_USER_SCRIPT_SANDBOXING = YES;
				GCC_C_LANGUAGE_STANDARD = gnu17;
				GCC_NO_COMMON_BLOCKS = YES;
				GCC_WARN_64_TO_32_BIT_CONVERSION = YES;
				GCC_WARN_ABOUT_RETURN_TYPE = YES_ERROR;
				GCC_WARN_UNDECLARED_SELECTOR = YES;
				GCC_WARN_UNINITIALIZED_AUTOS = YES_AGGRESSIVE;
				GCC_WARN_UNUSED_FUNCTION = YES;
				GCC_WARN_UNUSED_VARIABLE = YES;
				IPHONEOS_DEPLOYMENT_TARGET = 17.4;
				LOCALIZATION_PREFERS_STRING_CATALOGS = YES;
				MTL_ENABLE_DEBUG_INFO = NO;
				MTL_FAST_MATH = YES;
				SDKROOT = iphoneos;
				SWIFT_COMPILATION_MODE = wholemodule;
				VALIDATE_PRODUCT = YES;
			};
			name = Release;
		};
		7AFF8C212C044C83009D9326 /* Debug */ = {
			isa = XCBuildConfiguration;
			buildSettings = {
				ASSETCATALOG_COMPILER_APPICON_NAME = AppIcon;
				ASSETCATALOG_COMPILER_GLOBAL_ACCENT_COLOR_NAME = AccentColor;
				CODE_SIGN_STYLE = Automatic;
				CURRENT_PROJECT_VERSION = 1;
				DEVELOPMENT_ASSET_PATHS = "\"ArtMasterpieces/Preview Content\"";
				DEVELOPMENT_TEAM = JFBZKLJ68V;
				ENABLE_PREVIEWS = YES;
				GENERATE_INFOPLIST_FILE = YES;
				INFOPLIST_KEY_UIApplicationSceneManifest_Generation = YES;
				INFOPLIST_KEY_UIApplicationSupportsIndirectInputEvents = YES;
				INFOPLIST_KEY_UILaunchScreen_Generation = YES;
				INFOPLIST_KEY_UISupportedInterfaceOrientations = UIInterfaceOrientationPortrait;
				INFOPLIST_KEY_UISupportedInterfaceOrientations_iPad = "UIInterfaceOrientationLandscapeLeft UIInterfaceOrientationLandscapeRight UIInterfaceOrientationPortrait UIInterfaceOrientationPortraitUpsideDown";
				IPHONEOS_DEPLOYMENT_TARGET = 16.0;
				LD_RUNPATH_SEARCH_PATHS = (
					"$(inherited)",
					"@executable_path/Frameworks",
				);
				MARKETING_VERSION = 1.0;
				PRODUCT_BUNDLE_IDENTIFIER = ekukarskiy.ArtMasterpieces;
				PRODUCT_NAME = "$(TARGET_NAME)";
				SUPPORTED_PLATFORMS = "iphoneos iphonesimulator";
				SUPPORTS_MACCATALYST = NO;
				SUPPORTS_MAC_DESIGNED_FOR_IPHONE_IPAD = NO;
				SUPPORTS_XR_DESIGNED_FOR_IPHONE_IPAD = NO;
				SWIFT_EMIT_LOC_STRINGS = YES;
				SWIFT_VERSION = 5.0;
				TARGETED_DEVICE_FAMILY = "1,2";
			};
			name = Debug;
		};
		7AFF8C222C044C83009D9326 /* Release */ = {
			isa = XCBuildConfiguration;
			buildSettings = {
				ASSETCATALOG_COMPILER_APPICON_NAME = AppIcon;
				ASSETCATALOG_COMPILER_GLOBAL_ACCENT_COLOR_NAME = AccentColor;
				CODE_SIGN_STYLE = Automatic;
				CURRENT_PROJECT_VERSION = 1;
				DEVELOPMENT_ASSET_PATHS = "\"ArtMasterpieces/Preview Content\"";
				DEVELOPMENT_TEAM = JFBZKLJ68V;
				ENABLE_PREVIEWS = YES;
				GENERATE_INFOPLIST_FILE = YES;
				INFOPLIST_KEY_UIApplicationSceneManifest_Generation = YES;
				INFOPLIST_KEY_UIApplicationSupportsIndirectInputEvents = YES;
				INFOPLIST_KEY_UILaunchScreen_Generation = YES;
				INFOPLIST_KEY_UISupportedInterfaceOrientations = UIInterfaceOrientationPortrait;
				INFOPLIST_KEY_UISupportedInterfaceOrientations_iPad = "UIInterfaceOrientationLandscapeLeft UIInterfaceOrientationLandscapeRight UIInterfaceOrientationPortrait UIInterfaceOrientationPortraitUpsideDown";
				IPHONEOS_DEPLOYMENT_TARGET = 16.0;
				LD_RUNPATH_SEARCH_PATHS = (
					"$(inherited)",
					"@executable_path/Frameworks",
				);
				MARKETING_VERSION = 1.0;
				PRODUCT_BUNDLE_IDENTIFIER = ekukarskiy.ArtMasterpieces;
				PRODUCT_NAME = "$(TARGET_NAME)";
				SUPPORTED_PLATFORMS = "iphoneos iphonesimulator";
				SUPPORTS_MACCATALYST = NO;
				SUPPORTS_MAC_DESIGNED_FOR_IPHONE_IPAD = NO;
				SUPPORTS_XR_DESIGNED_FOR_IPHONE_IPAD = NO;
				SWIFT_EMIT_LOC_STRINGS = YES;
				SWIFT_VERSION = 5.0;
				TARGETED_DEVICE_FAMILY = "1,2";
			};
			name = Release;
		};
/* End XCBuildConfiguration section */

/* Begin XCConfigurationList section */
		7AFF8C0D2C044C82009D9326 /* Build configuration list for PBXProject "ArtMasterpieces" */ = {
			isa = XCConfigurationList;
			buildConfigurations = (
				7AFF8C1E2C044C83009D9326 /* Debug */,
				7AFF8C1F2C044C83009D9326 /* Release */,
			);
			defaultConfigurationIsVisible = 0;
			defaultConfigurationName = Release;
		};
		7AFF8C202C044C83009D9326 /* Build configuration list for PBXNativeTarget "ArtMasterpieces" */ = {
			isa = XCConfigurationList;
			buildConfigurations = (
				7AFF8C212C044C83009D9326 /* Debug */,
				7AFF8C222C044C83009D9326 /* Release */,
			);
			defaultConfigurationIsVisible = 0;
			defaultConfigurationName = Release;
		};
/* End XCConfigurationList section */
	};
	rootObject = 7AFF8C0A2C044C82009D9326 /* Project object */;
}
